
Microsoft Visual Studio Solution File, Format Version 12.00
# Visual Studio 14
VisualStudioVersion = 14.0.25420.1
MinimumVisualStudioVersion = 10.0.40219.1
Project("{2150E333-8FDC-42A3-9474-1A3956D46DE8}") = "src", "src", "{70CD0326-5A8D-44AA-A739-3583387EF00B}"
EndProject
Project("{2150E333-8FDC-42A3-9474-1A3956D46DE8}") = "Solution Items", "Solution Items", "{5073F60F-5309-41BC-A413-DDE1505D3351}"
	ProjectSection(SolutionItems) = preProject
		global.json = global.json
	EndProjectSection
EndProject
Project("{8BB2217D-0F2D-49D1-97BC-3654ED321F3B}") = "SevenWonders", "src\SevenWonders\SevenWonders.xproj", "{3FDEA942-EA3E-4096-BC65-75215A767256}"
EndProject
Global
	GlobalSection(SolutionConfigurationPlatforms) = preSolution
		Debug|Any CPU = Debug|Any CPU
		Release|Any CPU = Release|Any CPU
	EndGlobalSection
	GlobalSection(ProjectConfigurationPlatforms) = postSolution
		{3FDEA942-EA3E-4096-BC65-75215A767256}.Debug|Any CPU.ActiveCfg = Debug|Any CPU
		{3FDEA942-EA3E-4096-BC65-75215A767256}.Debug|Any CPU.Build.0 = Debug|Any CPU
		{3FDEA942-EA3E-4096-BC65-75215A767256}.Release|Any CPU.ActiveCfg = Release|Any CPU
		{3FDEA942-EA3E-4096-BC65-75215A767256}.Release|Any CPU.Build.0 = Release|Any CPU
	EndGlobalSection
	GlobalSection(SolutionProperties) = preSolution
		HideSolutionNode = FALSE
	EndGlobalSection
	GlobalSection(NestedProjects) = preSolution
		{3FDEA942-EA3E-4096-BC65-75215A767256} = {70CD0326-5A8D-44AA-A739-3583387EF00B}
	EndGlobalSection
EndGlobal
